
Microsoft Visual Studio Solution File, Format Version 12.00
# Visual Studio Version 17
VisualStudioVersion = 17.6.33801.468
MinimumVisualStudioVersion = 10.0.40219.1
Project("{9A19103F-16F7-4668-BE54-9A1E7A4F7556}") = "clock", "clock\clock.csproj", "{FFEEC54B-381B-409E-BAA1-2D1E9F1F0262}"
EndProject
Project("{FAE04EC0-301F-11D3-BF4B-00C04F79EFBC}") = "wedding", "wedding\wedding.csproj", "{568F2FD5-2AC8-4C69-84F7-8EA3F1AFCFA0}"
EndProject
Global
	GlobalSection(SolutionConfigurationPlatforms) = preSolution
		Debug|Any CPU = Debug|Any CPU
		Release|Any CPU = Release|Any CPU
	EndGlobalSection
	GlobalSection(ProjectConfigurationPlatforms) = postSolution
		{FFEEC54B-381B-409E-BAA1-2D1E9F1F0262}.Debug|Any CPU.ActiveCfg = Debug|Any CPU
		{FFEEC54B-381B-409E-BAA1-2D1E9F1F0262}.Debug|Any CPU.Build.0 = Debug|Any CPU
		{FFEEC54B-381B-409E-BAA1-2D1E9F1F0262}.Release|Any CPU.ActiveCfg = Release|Any CPU
		{FFEEC54B-381B-409E-BAA1-2D1E9F1F0262}.Release|Any CPU.Build.0 = Release|Any CPU
		{568F2FD5-2AC8-4C69-84F7-8EA3F1AFCFA0}.Debug|Any CPU.ActiveCfg = Debug|Any CPU
		{568F2FD5-2AC8-4C69-84F7-8EA3F1AFCFA0}.Debug|Any CPU.Build.0 = Debug|Any CPU
		{568F2FD5-2AC8-4C69-84F7-8EA3F1AFCFA0}.Release|Any CPU.ActiveCfg = Release|Any CPU
		{568F2FD5-2AC8-4C69-84F7-8EA3F1AFCFA0}.Release|Any CPU.Build.0 = Release|Any CPU
	EndGlobalSection
	GlobalSection(SolutionProperties) = preSolution
		HideSolutionNode = FALSE
	EndGlobalSection
	GlobalSection(ExtensibilityGlobals) = postSolution
		SolutionGuid = {4F358771-8338-4388-8A85-F46B5634E57A}
	EndGlobalSection
EndGlobal
